{
  "version": 4,
  "terraform_version": "1.5.7",
  "serial": 14,
  "lineage": "b252ef2c-b449-7917-9b9c-1ae268034c06",
  "outputs": {},
  "resources": [
    {
      "mode": "managed",
      "type": "aws_cloudwatch_log_subscription_filter",
      "name": "example",
      "provider": "provider[\"registry.terraform.io/hashicorp/aws\"]",
      "instances": [
        {
          "schema_version": 0,
          "attributes": {
            "destination_arn": "arn:aws:lambda:ap-southeast-2:961341537777:function:newrelic-log-ingestion",
            "distribution": "ByLogStream",
            "filter_pattern": "",
            "id": "cwlsf-2195974165",
            "log_group_name": "/ecs/book_store",
            "name": "forward-book-store-logs",
            "region": "ap-southeast-2",
            "role_arn": ""
          },
          "sensitive_attributes": [],
          "private": "bnVsbA==",
          "dependencies": [
            "aws_lambda_permission.allow_cloudwatch",
            "module.newrelic_log_forwarder.aws_cloudwatch_log_group.lambda_logs",
            "module.newrelic_log_forwarder.aws_iam_role.lambda_role",
            "module.newrelic_log_forwarder.aws_lambda_function.ingestion_function",
            "module.newrelic_log_forwarder.data.aws_iam_policy_document.lambda_assume_policy",
            "module.newrelic_log_forwarder.null_resource.build_lambda"
          ]
        }
      ]
    },
    {
      "mode": "managed",
      "type": "aws_lambda_permission",
      "name": "allow_cloudwatch",
      "provider": "provider[\"registry.terraform.io/hashicorp/aws\"]",
      "instances": [
        {
          "schema_version": 0,
          "attributes": {
            "action": "lambda:InvokeFunction",
            "event_source_token": null,
            "function_name": "newrelic-log-ingestion",
            "function_url_auth_type": null,
            "id": "AllowExecutionFromCloudWatch",
            "principal": "logs.amazonaws.com",
            "principal_org_id": null,
            "qualifier": "",
            "region": "ap-southeast-2",
            "source_account": null,
            "source_arn": "arn:aws:logs:ap-southeast-2:961341537777:log-group:/ecs/book_store:*",
            "statement_id": "AllowExecutionFromCloudWatch",
            "statement_id_prefix": ""
          },
          "sensitive_attributes": [],
          "private": "bnVsbA=="
        }
      ]
    },
    {
      "module": "module.newrelic_log_forwarder",
      "mode": "data",
      "type": "aws_caller_identity",
      "name": "current",
      "provider": "provider[\"registry.terraform.io/hashicorp/aws\"]",
      "instances": [
        {
          "schema_version": 0,
          "attributes": {
            "account_id": "961341537777",
            "arn": "arn:aws:iam::961341537777:user/Tom",
            "id": "961341537777",
            "user_id": "AIDA57VDLXXYWIUO4R7HN"
          },
          "sensitive_attributes": []
        }
      ]
    },
    {
      "module": "module.newrelic_log_forwarder",
      "mode": "data",
      "type": "aws_iam_policy_document",
      "name": "lambda_assume_policy",
      "provider": "provider[\"registry.terraform.io/hashicorp/aws\"]",
      "instances": [
        {
          "schema_version": 0,
          "attributes": {
            "id": "2690255455",
            "json": "{\n  \"Version\": \"2012-10-17\",\n  \"Statement\": [\n    {\n      \"Effect\": \"Allow\",\n      \"Action\": \"sts:AssumeRole\",\n      \"Principal\": {\n        \"Service\": \"lambda.amazonaws.com\"\n      }\n    }\n  ]\n}",
            "minified_json": "{\"Version\":\"2012-10-17\",\"Statement\":[{\"Effect\":\"Allow\",\"Action\":\"sts:AssumeRole\",\"Principal\":{\"Service\":\"lambda.amazonaws.com\"}}]}",
            "override_json": null,
            "override_policy_documents": null,
            "policy_id": null,
            "source_json": null,
            "source_policy_documents": null,
            "statement": [
              {
                "actions": [
                  "sts:AssumeRole"
                ],
                "condition": [],
                "effect": "Allow",
                "not_actions": [],
                "not_principals": [],
                "not_resources": [],
                "principals": [
                  {
                    "identifiers": [
                      "lambda.amazonaws.com"
                    ],
                    "type": "Service"
                  }
                ],
                "resources": [],
                "sid": ""
              }
            ],
            "version": "2012-10-17"
          },
          "sensitive_attributes": []
        }
      ]
    },
    {
      "module": "module.newrelic_log_forwarder",
      "mode": "data",
      "type": "aws_partition",
      "name": "current",
      "provider": "provider[\"registry.terraform.io/hashicorp/aws\"]",
      "instances": [
        {
          "schema_version": 0,
          "attributes": {
            "dns_suffix": "amazonaws.com",
            "id": "aws",
            "partition": "aws",
            "reverse_dns_prefix": "com.amazonaws"
          },
          "sensitive_attributes": []
        }
      ]
    },
    {
      "module": "module.newrelic_log_forwarder",
      "mode": "data",
      "type": "aws_region",
      "name": "current",
      "provider": "provider[\"registry.terraform.io/hashicorp/aws\"]",
      "instances": [
        {
          "schema_version": 0,
          "attributes": {
            "description": "Asia Pacific (Sydney)",
            "endpoint": "ec2.ap-southeast-2.amazonaws.com",
            "id": "ap-southeast-2",
            "name": "ap-southeast-2",
            "region": "ap-southeast-2"
          },
          "sensitive_attributes": []
        }
      ]
    },
    {
      "module": "module.newrelic_log_forwarder",
      "mode": "managed",
      "type": "aws_cloudwatch_log_group",
      "name": "lambda_logs",
      "provider": "provider[\"registry.terraform.io/hashicorp/aws\"]",
      "instances": [
        {
          "schema_version": 0,
          "attributes": {
            "arn": "arn:aws:logs:ap-southeast-2:961341537777:log-group:/aws/lambda/newrelic-log-ingestion",
            "id": "/aws/lambda/newrelic-log-ingestion",
            "kms_key_id": "",
            "log_group_class": "STANDARD",
            "name": "/aws/lambda/newrelic-log-ingestion",
            "name_prefix": "",
            "region": "ap-southeast-2",
            "retention_in_days": 7,
            "skip_destroy": false,
            "tags": {
              "lambda:createdBy": "Terraform"
            },
            "tags_all": {
              "lambda:createdBy": "Terraform"
            }
          },
          "sensitive_attributes": [],
          "private": "bnVsbA=="
        }
      ]
    },
    {
      "module": "module.newrelic_log_forwarder",
      "mode": "managed",
      "type": "aws_iam_role",
      "name": "lambda_role",
      "provider": "provider[\"registry.terraform.io/hashicorp/aws\"]",
      "instances": [
        {
          "index_key": 0,
          "schema_version": 0,
          "attributes": {
            "arn": "arn:aws:iam::961341537777:role/newrelic-log-ingestion",
            "assume_role_policy": "{\"Statement\":[{\"Action\":\"sts:AssumeRole\",\"Effect\":\"Allow\",\"Principal\":{\"Service\":\"lambda.amazonaws.com\"}}],\"Version\":\"2012-10-17\"}",
            "create_date": "2025-07-29T12:13:20Z",
            "description": "",
            "force_detach_policies": false,
            "id": "newrelic-log-ingestion",
            "inline_policy": [],
            "managed_policy_arns": [
              "arn:aws:iam::aws:policy/service-role/AWSLambdaBasicExecutionRole"
            ],
            "max_session_duration": 3600,
            "name": "newrelic-log-ingestion",
            "name_prefix": "",
            "path": "/",
            "permissions_boundary": "",
            "tags": {
              "lambda:createdBy": "Terraform"
            },
            "tags_all": {
              "lambda:createdBy": "Terraform"
            },
            "unique_id": "AROA57VDLXXYZ2F4UPNQ2"
          },
          "sensitive_attributes": [],
          "private": "bnVsbA==",
          "dependencies": [
            "module.newrelic_log_forwarder.data.aws_iam_policy_document.lambda_assume_policy"
          ]
        }
      ]
    },
    {
      "module": "module.newrelic_log_forwarder",
      "mode": "managed",
      "type": "aws_iam_role_policy_attachment",
      "name": "lambda_log_policy",
      "provider": "provider[\"registry.terraform.io/hashicorp/aws\"]",
      "instances": [
        {
          "index_key": 0,
          "schema_version": 0,
          "attributes": {
            "id": "newrelic-log-ingestion/arn:aws:iam::aws:policy/service-role/AWSLambdaBasicExecutionRole",
            "policy_arn": "arn:aws:iam::aws:policy/service-role/AWSLambdaBasicExecutionRole",
            "role": "newrelic-log-ingestion"
          },
          "sensitive_attributes": [],
          "private": "bnVsbA==",
          "dependencies": [
            "module.newrelic_log_forwarder.aws_iam_role.lambda_role",
            "module.newrelic_log_forwarder.data.aws_iam_policy_document.lambda_assume_policy"
          ]
        }
      ]
    },
    {
      "module": "module.newrelic_log_forwarder",
      "mode": "managed",
      "type": "aws_lambda_function",
      "name": "ingestion_function",
      "provider": "provider[\"registry.terraform.io/hashicorp/aws\"]",
      "instances": [
        {
          "schema_version": 0,
          "attributes": {
            "architectures": [
              "x86_64"
            ],
            "arn": "arn:aws:lambda:ap-southeast-2:961341537777:function:newrelic-log-ingestion",
            "code_sha256": "gNlk+h9IySDtJRXsjupaKtabM8wEmGaMdpPRxp3iOyk=",
            "code_signing_config_arn": "",
            "dead_letter_config": [],
            "description": "Sends log data from CloudWatch Logs to New Relic Infrastructure (Cloud integrations) and New Relic Logging",
            "environment": [
              {
                "variables": {
                  "INFRA_ENABLED": "True",
                  "LICENSE_KEY": "b306ac290b91a2677098cd4b35aa14b2FFFFNRAL",
                  "LOGGING_ENABLED": "True",
                  "NR_TAGS": "service=book_store"
                }
              }
            ],
            "ephemeral_storage": [
              {
                "size": 512
              }
            ],
            "file_system_config": [],
            "filename": "temp/newrelic-log-ingestion.zip",
            "function_name": "newrelic-log-ingestion",
            "handler": "function.lambda_handler",
            "id": "newrelic-log-ingestion",
            "image_config": [],
            "image_uri": "",
            "invoke_arn": "arn:aws:apigateway:ap-southeast-2:lambda:path/2015-03-31/functions/arn:aws:lambda:ap-southeast-2:961341537777:function:newrelic-log-ingestion/invocations",
            "kms_key_arn": "",
            "last_modified": "2025-07-30T05:43:22.000+0000",
            "layers": [],
            "logging_config": [
              {
                "application_log_level": "",
                "log_format": "Text",
                "log_group": "/aws/lambda/newrelic-log-ingestion",
                "system_log_level": ""
              }
            ],
            "memory_size": 128,
            "package_type": "Zip",
            "publish": false,
            "qualified_arn": "arn:aws:lambda:ap-southeast-2:961341537777:function:newrelic-log-ingestion:$LATEST",
            "qualified_invoke_arn": "arn:aws:apigateway:ap-southeast-2:lambda:path/2015-03-31/functions/arn:aws:lambda:ap-southeast-2:961341537777:function:newrelic-log-ingestion:$LATEST/invocations",
            "region": "ap-southeast-2",
            "replace_security_groups_on_destroy": null,
            "replacement_security_group_ids": null,
            "reserved_concurrent_executions": -1,
            "role": "arn:aws:iam::961341537777:role/newrelic-log-ingestion",
            "runtime": "python3.11",
            "s3_bucket": null,
            "s3_key": null,
            "s3_object_version": null,
            "signing_job_arn": "",
            "signing_profile_version_arn": "",
            "skip_destroy": false,
            "snap_start": [],
            "source_code_hash": "",
            "source_code_size": 3136721,
            "tags": {
              "lambda:createdBy": "Terraform"
            },
            "tags_all": {
              "lambda:createdBy": "Terraform"
            },
            "timeout": 30,
            "timeouts": null,
            "tracing_config": [
              {
                "mode": "PassThrough"
              }
            ],
            "version": "$LATEST",
            "vpc_config": []
          },
          "sensitive_attributes": [
            [
              {
                "type": "get_attr",
                "value": "environment"
              },
              {
                "type": "index",
                "value": {
                  "value": 0,
                  "type": "number"
                }
              },
              {
                "type": "get_attr",
                "value": "variables"
              },
              {
                "type": "index",
                "value": {
                  "value": "LICENSE_KEY",
                  "type": "string"
                }
              }
            ]
          ],
          "private": "eyJlMmJmYjczMC1lY2FhLTExZTYtOGY4OC0zNDM2M2JjN2M0YzAiOnsiY3JlYXRlIjo2MDAwMDAwMDAwMDAsImRlbGV0ZSI6NjAwMDAwMDAwMDAwLCJ1cGRhdGUiOjYwMDAwMDAwMDAwMH19",
          "dependencies": [
            "module.newrelic_log_forwarder.aws_cloudwatch_log_group.lambda_logs",
            "module.newrelic_log_forwarder.aws_iam_role.lambda_role",
            "module.newrelic_log_forwarder.null_resource.build_lambda"
          ]
        }
      ]
    },
    {
      "module": "module.newrelic_log_forwarder",
      "mode": "managed",
      "type": "aws_lambda_permission",
      "name": "log_invoke_permission",
      "provider": "provider[\"registry.terraform.io/hashicorp/aws\"]",
      "instances": [
        {
          "schema_version": 0,
          "attributes": {
            "action": "lambda:InvokeFunction",
            "event_source_token": null,
            "function_name": "newrelic-log-ingestion",
            "function_url_auth_type": null,
            "id": "terraform-20250729121709701900000001",
            "principal": "logs.ap-southeast-2.amazonaws.com",
            "principal_org_id": null,
            "qualifier": "",
            "region": "ap-southeast-2",
            "source_account": null,
            "source_arn": "arn:aws:logs:ap-southeast-2:961341537777:log-group:*",
            "statement_id": "terraform-20250729121709701900000001",
            "statement_id_prefix": "terraform-"
          },
          "sensitive_attributes": [],
          "private": "bnVsbA==",
          "dependencies": [
            "module.newrelic_log_forwarder.aws_cloudwatch_log_group.lambda_logs",
            "module.newrelic_log_forwarder.aws_iam_role.lambda_role",
            "module.newrelic_log_forwarder.aws_lambda_function.ingestion_function",
            "module.newrelic_log_forwarder.data.aws_caller_identity.current",
            "module.newrelic_log_forwarder.data.aws_iam_policy_document.lambda_assume_policy",
            "module.newrelic_log_forwarder.data.aws_partition.current",
            "module.newrelic_log_forwarder.data.aws_region.current",
            "module.newrelic_log_forwarder.null_resource.build_lambda"
          ]
        }
      ]
    },
    {
      "module": "module.newrelic_log_forwarder",
      "mode": "managed",
      "type": "null_resource",
      "name": "build_lambda",
      "provider": "provider[\"registry.terraform.io/hashicorp/null\"]",
      "instances": [
        {
          "index_key": 0,
          "schema_version": 0,
          "attributes": {
            "id": "769031034253515923",
            "triggers": null
          },
          "sensitive_attributes": [],
          "dependencies": [
            "module.newrelic_log_forwarder.aws_cloudwatch_log_group.lambda_logs"
          ]
        }
      ]
    }
  ],
  "check_results": null
}
